
Microsoft Visual Studio Solution File, Format Version 12.00
# Visual Studio 2013
VisualStudioVersion = 12.0.31101.0
MinimumVisualStudioVersion = 10.0.40219.1
Project("{FAE04EC0-301F-11D3-BF4B-00C04F79EFBC}") = "awagame", "awagame.csproj", "{83B62D59-7851-4672-81A2-3A7C98B791ED}"
EndProject
Project("{2150E333-8FDC-42A3-9474-1A3956D46DE8}") = ".nuget", ".nuget", "{9D57253B-3D41-4FBB-B589-A058FCD51D94}"
EndProject
Global
	GlobalSection(SolutionConfigurationPlatforms) = preSolution
		Debug|Any CPU = Debug|Any CPU
		Release|Any CPU = Release|Any CPU
	EndGlobalSection
	GlobalSection(ProjectConfigurationPlatforms) = postSolution
		{83B62D59-7851-4672-81A2-3A7C98B791ED}.Debug|Any CPU.ActiveCfg = Debug|Any CPU
		{83B62D59-7851-4672-81A2-3A7C98B791ED}.Debug|Any CPU.Build.0 = Debug|Any CPU
		{83B62D59-7851-4672-81A2-3A7C98B791ED}.Release|Any CPU.ActiveCfg = Release|Any CPU
		{83B62D59-7851-4672-81A2-3A7C98B791ED}.Release|Any CPU.Build.0 = Release|Any CPU
	EndGlobalSection
	GlobalSection(SolutionProperties) = preSolution
		HideSolutionNode = FALSE
	EndGlobalSection
EndGlobal
